
Microsoft Visual Studio Solution File, Format Version 12.00
# Visual Studio Version 17
VisualStudioVersion = 17.11.35431.28
MinimumVisualStudioVersion = 10.0.40219.1
Project("{9A19103F-16F7-4668-BE54-9A1E7A4F7556}") = "Men Of Varna", "Men Of Varna.csproj", "{62B8D6AC-E980-4BA4-9390-4A29861B11DC}"
EndProject
Project("{9A19103F-16F7-4668-BE54-9A1E7A4F7556}") = "Tests", "..\Tests\Tests.csproj", "{BA88A062-D664-40F2-B713-335D05E7FFDE}"
EndProject
Project("{2150E333-8FDC-42A3-9474-1A3956D46DE8}") = "Data", "Data", "{43777D47-CB51-4867-BE8D-5F50A9564187}"
EndProject
Project("{2150E333-8FDC-42A3-9474-1A3956D46DE8}") = "Web", "Web", "{4CB29560-AC82-4CC9-8A3A-0ECCCAF17D76}"
EndProject
Project("{2150E333-8FDC-42A3-9474-1A3956D46DE8}") = "Services", "Services", "{A50A8E89-7461-4101-9EAB-60F2AFA80A78}"
EndProject
Project("{2150E333-8FDC-42A3-9474-1A3956D46DE8}") = "Common", "Common", "{9CFF09A0-1955-4834-BCC5-0A26EF41BBB1}"
EndProject
Project("{9A19103F-16F7-4668-BE54-9A1E7A4F7556}") = "MOV.Data", "..\MOV.Data\MOV.Data.csproj", "{82039E6C-3FFF-4843-8FD1-D8CCDDEAC743}"
EndProject
Project("{9A19103F-16F7-4668-BE54-9A1E7A4F7556}") = "MOV.Data.Models", "..\MOV.Data.Models\MOV.Data.Models.csproj", "{B57246B0-050C-4147-83F1-2737632D60E6}"
EndProject
Project("{9A19103F-16F7-4668-BE54-9A1E7A4F7556}") = "MOV.ViewModels", "..\MOV.ViewModels\MOV.ViewModels.csproj", "{0EDAA204-24EB-4CFC-AEEB-DB1393563D49}"
EndProject
Project("{9A19103F-16F7-4668-BE54-9A1E7A4F7556}") = "MOV.Infrastructure", "..\MOV.Infrastructure\MOV.Infrastructure.csproj", "{F47F2A03-9FE3-4F6C-944C-D996BB523609}"
EndProject
Project("{9A19103F-16F7-4668-BE54-9A1E7A4F7556}") = "MOV.Services.Data", "..\MOV.Services.Data\MOV.Services.Data.csproj", "{3F732716-8380-4E98-8DA9-CB86387F8B61}"
EndProject
Project("{9A19103F-16F7-4668-BE54-9A1E7A4F7556}") = "MOV.Common", "..\MOV.Common\MOV.Common.csproj", "{C4D49232-968A-4AA0-AC8D-B8EB0D296F27}"
EndProject
Global
	GlobalSection(SolutionConfigurationPlatforms) = preSolution
		Debug|Any CPU = Debug|Any CPU
		Release|Any CPU = Release|Any CPU
	EndGlobalSection
	GlobalSection(ProjectConfigurationPlatforms) = postSolution
		{62B8D6AC-E980-4BA4-9390-4A29861B11DC}.Debug|Any CPU.ActiveCfg = Debug|Any CPU
		{62B8D6AC-E980-4BA4-9390-4A29861B11DC}.Debug|Any CPU.Build.0 = Debug|Any CPU
		{62B8D6AC-E980-4BA4-9390-4A29861B11DC}.Release|Any CPU.ActiveCfg = Release|Any CPU
		{62B8D6AC-E980-4BA4-9390-4A29861B11DC}.Release|Any CPU.Build.0 = Release|Any CPU
		{BA88A062-D664-40F2-B713-335D05E7FFDE}.Debug|Any CPU.ActiveCfg = Debug|Any CPU
		{BA88A062-D664-40F2-B713-335D05E7FFDE}.Debug|Any CPU.Build.0 = Debug|Any CPU
		{BA88A062-D664-40F2-B713-335D05E7FFDE}.Release|Any CPU.ActiveCfg = Release|Any CPU
		{BA88A062-D664-40F2-B713-335D05E7FFDE}.Release|Any CPU.Build.0 = Release|Any CPU
		{82039E6C-3FFF-4843-8FD1-D8CCDDEAC743}.Debug|Any CPU.ActiveCfg = Debug|Any CPU
		{82039E6C-3FFF-4843-8FD1-D8CCDDEAC743}.Debug|Any CPU.Build.0 = Debug|Any CPU
		{82039E6C-3FFF-4843-8FD1-D8CCDDEAC743}.Release|Any CPU.ActiveCfg = Release|Any CPU
		{82039E6C-3FFF-4843-8FD1-D8CCDDEAC743}.Release|Any CPU.Build.0 = Release|Any CPU
		{B57246B0-050C-4147-83F1-2737632D60E6}.Debug|Any CPU.ActiveCfg = Debug|Any CPU
		{B57246B0-050C-4147-83F1-2737632D60E6}.Debug|Any CPU.Build.0 = Debug|Any CPU
		{B57246B0-050C-4147-83F1-2737632D60E6}.Release|Any CPU.ActiveCfg = Release|Any CPU
		{B57246B0-050C-4147-83F1-2737632D60E6}.Release|Any CPU.Build.0 = Release|Any CPU
		{0EDAA204-24EB-4CFC-AEEB-DB1393563D49}.Debug|Any CPU.ActiveCfg = Debug|Any CPU
		{0EDAA204-24EB-4CFC-AEEB-DB1393563D49}.Debug|Any CPU.Build.0 = Debug|Any CPU
		{0EDAA204-24EB-4CFC-AEEB-DB1393563D49}.Release|Any CPU.ActiveCfg = Release|Any CPU
		{0EDAA204-24EB-4CFC-AEEB-DB1393563D49}.Release|Any CPU.Build.0 = Release|Any CPU
		{F47F2A03-9FE3-4F6C-944C-D996BB523609}.Debug|Any CPU.ActiveCfg = Debug|Any CPU
		{F47F2A03-9FE3-4F6C-944C-D996BB523609}.Debug|Any CPU.Build.0 = Debug|Any CPU
		{F47F2A03-9FE3-4F6C-944C-D996BB523609}.Release|Any CPU.ActiveCfg = Release|Any CPU
		{F47F2A03-9FE3-4F6C-944C-D996BB523609}.Release|Any CPU.Build.0 = Release|Any CPU
		{3F732716-8380-4E98-8DA9-CB86387F8B61}.Debug|Any CPU.ActiveCfg = Debug|Any CPU
		{3F732716-8380-4E98-8DA9-CB86387F8B61}.Debug|Any CPU.Build.0 = Debug|Any CPU
		{3F732716-8380-4E98-8DA9-CB86387F8B61}.Release|Any CPU.ActiveCfg = Release|Any CPU
		{3F732716-8380-4E98-8DA9-CB86387F8B61}.Release|Any CPU.Build.0 = Release|Any CPU
		{C4D49232-968A-4AA0-AC8D-B8EB0D296F27}.Debug|Any CPU.ActiveCfg = Debug|Any CPU
		{C4D49232-968A-4AA0-AC8D-B8EB0D296F27}.Debug|Any CPU.Build.0 = Debug|Any CPU
		{C4D49232-968A-4AA0-AC8D-B8EB0D296F27}.Release|Any CPU.ActiveCfg = Release|Any CPU
		{C4D49232-968A-4AA0-AC8D-B8EB0D296F27}.Release|Any CPU.Build.0 = Release|Any CPU
	EndGlobalSection
	GlobalSection(SolutionProperties) = preSolution
		HideSolutionNode = FALSE
	EndGlobalSection
	GlobalSection(NestedProjects) = preSolution
		{62B8D6AC-E980-4BA4-9390-4A29861B11DC} = {4CB29560-AC82-4CC9-8A3A-0ECCCAF17D76}
		{82039E6C-3FFF-4843-8FD1-D8CCDDEAC743} = {43777D47-CB51-4867-BE8D-5F50A9564187}
		{B57246B0-050C-4147-83F1-2737632D60E6} = {43777D47-CB51-4867-BE8D-5F50A9564187}
		{0EDAA204-24EB-4CFC-AEEB-DB1393563D49} = {4CB29560-AC82-4CC9-8A3A-0ECCCAF17D76}
		{F47F2A03-9FE3-4F6C-944C-D996BB523609} = {4CB29560-AC82-4CC9-8A3A-0ECCCAF17D76}
		{3F732716-8380-4E98-8DA9-CB86387F8B61} = {A50A8E89-7461-4101-9EAB-60F2AFA80A78}
		{C4D49232-968A-4AA0-AC8D-B8EB0D296F27} = {9CFF09A0-1955-4834-BCC5-0A26EF41BBB1}
	EndGlobalSection
	GlobalSection(ExtensibilityGlobals) = postSolution
		SolutionGuid = {C4CE23DE-B5B4-424D-A239-8ED08666A9DC}
	EndGlobalSection
EndGlobal
